
Microsoft Visual Studio Solution File, Format Version 12.00
# Visual Studio Version 17
VisualStudioVersion = 17.10.35013.160
MinimumVisualStudioVersion = 10.0.40219.1
Project("{FAE04EC0-301F-11D3-BF4B-00C04F79EFBC}") = "PrimeiroProjeto", "PrimeiroProjeto.csproj", "{DF2D3399-0898-47E1-AB5B-24766B9CB58B}"
EndProject
Global
	GlobalSection(SolutionConfigurationPlatforms) = preSolution
		Debug|Any CPU = Debug|Any CPU
		Release|Any CPU = Release|Any CPU
	EndGlobalSection
	GlobalSection(ProjectConfigurationPlatforms) = postSolution
		{DF2D3399-0898-47E1-AB5B-24766B9CB58B}.Debug|Any CPU.ActiveCfg = Debug|Any CPU
		{DF2D3399-0898-47E1-AB5B-24766B9CB58B}.Debug|Any CPU.Build.0 = Debug|Any CPU
		{DF2D3399-0898-47E1-AB5B-24766B9CB58B}.Release|Any CPU.ActiveCfg = Release|Any CPU
		{DF2D3399-0898-47E1-AB5B-24766B9CB58B}.Release|Any CPU.Build.0 = Release|Any CPU
	EndGlobalSection
	GlobalSection(SolutionProperties) = preSolution
		HideSolutionNode = FALSE
	EndGlobalSection
	GlobalSection(ExtensibilityGlobals) = postSolution
		SolutionGuid = {0AE0A07E-DE9B-46E7-AB83-60F04FDEAD0F}
	EndGlobalSection
EndGlobal
